
Microsoft Visual Studio Solution File, Format Version 12.00
# Visual Studio Version 17
VisualStudioVersion = 17.8.34330.188
MinimumVisualStudioVersion = 10.0.40219.1
Project("{FAE04EC0-301F-11D3-BF4B-00C04F79EFBC}") = "WebApp123", "WebApp123\WebApp123.csproj", "{314A8048-5BE4-47D3-AE54-F5B7591CB920}"
EndProject
Project("{FAE04EC0-301F-11D3-BF4B-00C04F79EFBC}") = "WebAppUniTest", "WebAppUniTest\WebAppUniTest.csproj", "{4CE24E57-EF93-49B3-85B1-BA1083324901}"
EndProject
Global
	GlobalSection(SolutionConfigurationPlatforms) = preSolution
		Debug|Any CPU = Debug|Any CPU
		Release|Any CPU = Release|Any CPU
	EndGlobalSection
	GlobalSection(ProjectConfigurationPlatforms) = postSolution
		{314A8048-5BE4-47D3-AE54-F5B7591CB920}.Debug|Any CPU.ActiveCfg = Debug|Any CPU
		{314A8048-5BE4-47D3-AE54-F5B7591CB920}.Debug|Any CPU.Build.0 = Debug|Any CPU
		{314A8048-5BE4-47D3-AE54-F5B7591CB920}.Release|Any CPU.ActiveCfg = Release|Any CPU
		{314A8048-5BE4-47D3-AE54-F5B7591CB920}.Release|Any CPU.Build.0 = Release|Any CPU
		{4CE24E57-EF93-49B3-85B1-BA1083324901}.Debug|Any CPU.ActiveCfg = Debug|Any CPU
		{4CE24E57-EF93-49B3-85B1-BA1083324901}.Debug|Any CPU.Build.0 = Debug|Any CPU
		{4CE24E57-EF93-49B3-85B1-BA1083324901}.Release|Any CPU.ActiveCfg = Release|Any CPU
		{4CE24E57-EF93-49B3-85B1-BA1083324901}.Release|Any CPU.Build.0 = Release|Any CPU
	EndGlobalSection
	GlobalSection(SolutionProperties) = preSolution
		HideSolutionNode = FALSE
	EndGlobalSection
	GlobalSection(ExtensibilityGlobals) = postSolution
		SolutionGuid = {9AE32411-EB4A-4597-8659-B71783AD644E}
	EndGlobalSection
EndGlobal
